{
  "name": "details-summary-tiptap-extension",
  "version": "1.0.0",
  "lockfileVersion": 1,
  "requires": true,
  "dependencies": {
    "@tiptap/core": {
      "version": "2.0.0-beta.220",
      "resolved": "https://registry.npmjs.org/@tiptap/core/-/core-2.0.0-beta.220.tgz",
      "integrity": "sha512-F2Q666xJqijBU5o+GqekqseNgIEMTs6BhsLDaf9DwThhljGLS8RXKnSvQxrxLNrYEPpw39n/G3Qt8YAOk5qR6w=="
    }
  }
}
